schema: '2.0'
stages:
  data_ingestion:
    cmd: python src/facialExpressionClassify/pipeline/stage_01_data_ingestion.py
    deps:
    - path: config/config.yaml
      hash: md5
      md5: 01e977767a21ba51c156b56cce5e1d65
      size: 1491
    - path: src/facialExpressionClassify/pipeline/stage_01_data_ingestion.py
      hash: md5
      md5: 0b0e945dd9d00cf2490c6710abdb1e74
      size: 914
    outs:
    - path: artifacts/data_ingestion/labeled_data
      hash: md5
      md5: 8cdc5f4ee66086b67b11bfceb8ec3e64.dir
      size: 397494507
      nfiles: 67851
  prepare_base_model:
    cmd: python src/facialExpressionClassify/pipeline/stage_02_prepare_base_model.py
    deps:
    - path: config/config.yaml
      hash: md5
      md5: 01e977767a21ba51c156b56cce5e1d65
      size: 1491
    - path: src/facialExpressionClassify/pipeline/stage_02_prepare_base_model.py
      hash: md5
      md5: 1820e0407e885d0c751a389e402cf0ab
      size: 1092
    params:
      params.yaml:
        CLASSES: 8
        IMAGE_SIZE:
        - 224
        - 224
        - 3
        INCLUDE_TOP: false
        LEARNING_RATE: 0.001
        WEIGHTS: imagenet
    outs:
    - path: artifacts/prepare_base_model
      hash: md5
      md5: 732cb3b73638961c02c00a3b6ae1c9a4.dir
      size: 396212332
      nfiles: 5
  model_training:
    cmd: python src/facialExpressionClassify/pipeline/stage_03_model_training.py
    deps:
    - path: artifacts/data_ingestion/labeled_data
      hash: md5
      md5: 8cdc5f4ee66086b67b11bfceb8ec3e64.dir
      size: 397494507
      nfiles: 67851
    - path: artifacts/prepare_base_model
      hash: md5
      md5: 732cb3b73638961c02c00a3b6ae1c9a4.dir
      size: 396212332
      nfiles: 5
    - path: config/config.yaml
      hash: md5
      md5: 01e977767a21ba51c156b56cce5e1d65
      size: 1491
    - path: src/facialExpressionClassify/components/prepare_callbacks.py
      hash: md5
      md5: e073dbdaf429c67bd866cca0eddcc07b
      size: 1569
    - path: src/facialExpressionClassify/pipeline/stage_03_model_training.py
      hash: md5
      md5: 84e73a7491f1c5daa1ec2e4d6557c99c
      size: 1229
    params:
      params.yaml:
        AUGMENTATION: true
        BATCH_SIZE: 16
        EPOCHS: 20
        IMAGE_SIZE:
        - 224
        - 224
        - 3
    outs:
    - path: artifacts/training
      hash: md5
      md5: bff520bb2e6cf6787a2cec92d8e01519.dir
      size: 891579612
      nfiles: 4
  model_evaluation:
    cmd: python src/facialExpressionClassify/pipeline/stage_04_model_evaluation.py
    deps:
    - path: artifacts/data_ingestion/labeled_data
      hash: md5
      md5: 8cdc5f4ee66086b67b11bfceb8ec3e64.dir
      size: 397494507
      nfiles: 67851
    - path: artifacts/training/model.h5
      hash: md5
      md5: 243e666378f664709666c39b496f54f3
      size: 272518568
    - path: config/config.yaml
      hash: md5
      md5: 01e977767a21ba51c156b56cce5e1d65
      size: 1491
    - path: src/facialExpressionClassify/pipeline/stage_04_model_evaluation.py
      hash: md5
      md5: fb99f9e951a158c6d3ada2a9dedb16e8
      size: 841
    params:
      params.yaml:
        BATCH_SIZE: 16
        IMAGE_SIZE:
        - 224
        - 224
        - 3
    outs:
    - path: scores.json
      hash: md5
      md5: cd001b365eed6d8fbf319e7335c6c923
      size: 70
